
Microsoft Visual Studio Solution File, Format Version 12.00
# Visual Studio Version 16
VisualStudioVersion = 16.0.29728.190
MinimumVisualStudioVersion = 10.0.40219.1
Project("{8BC9CEB8-8B4A-11D0-8D11-00A0C91BC942}") = "10866_덱", "10866_덱\10866_덱.vcxproj", "{A75BF494-C159-4846-BF08-647E8723D6CF}"
EndProject
Project("{8BC9CEB8-8B4A-11D0-8D11-00A0C91BC942}") = "1021_회전하는 큐", "1021_회전하는 큐\1021_회전하는 큐.vcxproj", "{AEA0A5CF-BC3C-4814-B400-BDF4A09FF70E}"
EndProject
Global
	GlobalSection(SolutionConfigurationPlatforms) = preSolution
		Debug|x64 = Debug|x64
		Debug|x86 = Debug|x86
		Release|x64 = Release|x64
		Release|x86 = Release|x86
	EndGlobalSection
	GlobalSection(ProjectConfigurationPlatforms) = postSolution
		{A75BF494-C159-4846-BF08-647E8723D6CF}.Debug|x64.ActiveCfg = Debug|x64
		{A75BF494-C159-4846-BF08-647E8723D6CF}.Debug|x64.Build.0 = Debug|x64
		{A75BF494-C159-4846-BF08-647E8723D6CF}.Debug|x86.ActiveCfg = Debug|Win32
		{A75BF494-C159-4846-BF08-647E8723D6CF}.Debug|x86.Build.0 = Debug|Win32
		{A75BF494-C159-4846-BF08-647E8723D6CF}.Release|x64.ActiveCfg = Release|x64
		{A75BF494-C159-4846-BF08-647E8723D6CF}.Release|x64.Build.0 = Release|x64
		{A75BF494-C159-4846-BF08-647E8723D6CF}.Release|x86.ActiveCfg = Release|Win32
		{A75BF494-C159-4846-BF08-647E8723D6CF}.Release|x86.Build.0 = Release|Win32
		{AEA0A5CF-BC3C-4814-B400-BDF4A09FF70E}.Debug|x64.ActiveCfg = Debug|x64
		{AEA0A5CF-BC3C-4814-B400-BDF4A09FF70E}.Debug|x64.Build.0 = Debug|x64
		{AEA0A5CF-BC3C-4814-B400-BDF4A09FF70E}.Debug|x86.ActiveCfg = Debug|Win32
		{AEA0A5CF-BC3C-4814-B400-BDF4A09FF70E}.Debug|x86.Build.0 = Debug|Win32
		{AEA0A5CF-BC3C-4814-B400-BDF4A09FF70E}.Release|x64.ActiveCfg = Release|x64
		{AEA0A5CF-BC3C-4814-B400-BDF4A09FF70E}.Release|x64.Build.0 = Release|x64
		{AEA0A5CF-BC3C-4814-B400-BDF4A09FF70E}.Release|x86.ActiveCfg = Release|Win32
		{AEA0A5CF-BC3C-4814-B400-BDF4A09FF70E}.Release|x86.Build.0 = Release|Win32
	EndGlobalSection
	GlobalSection(SolutionProperties) = preSolution
		HideSolutionNode = FALSE
	EndGlobalSection
	GlobalSection(ExtensibilityGlobals) = postSolution
		SolutionGuid = {6CCDAF40-1A1B-4033-B4D3-CFF8203DD7F1}
	EndGlobalSection
EndGlobal
